
Microsoft Visual Studio Solution File, Format Version 12.00
# Visual Studio Version 17
VisualStudioVersion = 17.3.32929.385
MinimumVisualStudioVersion = 10.0.40219.1
Project("{FAE04EC0-301F-11D3-BF4B-00C04F79EFBC}") = "ProductManagementUI", "ProductManagementUI\ProductManagementUI.csproj", "{ECD0604B-CD38-452D-B742-89963D602E83}"
EndProject
Project("{FAE04EC0-301F-11D3-BF4B-00C04F79EFBC}") = "ProductManagementDataAccess", "ProductManagementDataAccess\ProductManagementDataAccess.csproj", "{AAEE43A9-6C59-4C8A-89CE-38F5508D8AE8}"
EndProject
Project("{FAE04EC0-301F-11D3-BF4B-00C04F79EFBC}") = "ProductManagementBusiness", "ProductManagementBusiness\ProductManagementBusiness.csproj", "{A101B88C-F8AF-4B1B-9EAD-40C71632092B}"
EndProject
Global
	GlobalSection(SolutionConfigurationPlatforms) = preSolution
		Debug|Any CPU = Debug|Any CPU
		Release|Any CPU = Release|Any CPU
	EndGlobalSection
	GlobalSection(ProjectConfigurationPlatforms) = postSolution
		{ECD0604B-CD38-452D-B742-89963D602E83}.Debug|Any CPU.ActiveCfg = Debug|Any CPU
		{ECD0604B-CD38-452D-B742-89963D602E83}.Debug|Any CPU.Build.0 = Debug|Any CPU
		{ECD0604B-CD38-452D-B742-89963D602E83}.Release|Any CPU.ActiveCfg = Release|Any CPU
		{ECD0604B-CD38-452D-B742-89963D602E83}.Release|Any CPU.Build.0 = Release|Any CPU
		{AAEE43A9-6C59-4C8A-89CE-38F5508D8AE8}.Debug|Any CPU.ActiveCfg = Debug|Any CPU
		{AAEE43A9-6C59-4C8A-89CE-38F5508D8AE8}.Debug|Any CPU.Build.0 = Debug|Any CPU
		{AAEE43A9-6C59-4C8A-89CE-38F5508D8AE8}.Release|Any CPU.ActiveCfg = Release|Any CPU
		{AAEE43A9-6C59-4C8A-89CE-38F5508D8AE8}.Release|Any CPU.Build.0 = Release|Any CPU
		{A101B88C-F8AF-4B1B-9EAD-40C71632092B}.Debug|Any CPU.ActiveCfg = Debug|Any CPU
		{A101B88C-F8AF-4B1B-9EAD-40C71632092B}.Debug|Any CPU.Build.0 = Debug|Any CPU
		{A101B88C-F8AF-4B1B-9EAD-40C71632092B}.Release|Any CPU.ActiveCfg = Release|Any CPU
		{A101B88C-F8AF-4B1B-9EAD-40C71632092B}.Release|Any CPU.Build.0 = Release|Any CPU
	EndGlobalSection
	GlobalSection(SolutionProperties) = preSolution
		HideSolutionNode = FALSE
	EndGlobalSection
	GlobalSection(ExtensibilityGlobals) = postSolution
		SolutionGuid = {9E855D14-01B0-442D-B6B9-EF72B90262BA}
	EndGlobalSection
EndGlobal
